
Microsoft Visual Studio Solution File, Format Version 12.00
# Visual Studio Version 17
VisualStudioVersion = 17.7.34024.191
MinimumVisualStudioVersion = 10.0.40219.1
Project("{FAE04EC0-301F-11D3-BF4B-00C04F79EFBC}") = "PE3_VariablesAndExpressions", "PE3_VariablesAndExpressions.csproj", "{994CA602-59BA-4E59-8EE9-1F60215825B4}"
EndProject
Global
	GlobalSection(SolutionConfigurationPlatforms) = preSolution
		Debug|Any CPU = Debug|Any CPU
		Release|Any CPU = Release|Any CPU
	EndGlobalSection
	GlobalSection(ProjectConfigurationPlatforms) = postSolution
		{994CA602-59BA-4E59-8EE9-1F60215825B4}.Debug|Any CPU.ActiveCfg = Debug|Any CPU
		{994CA602-59BA-4E59-8EE9-1F60215825B4}.Debug|Any CPU.Build.0 = Debug|Any CPU
		{994CA602-59BA-4E59-8EE9-1F60215825B4}.Release|Any CPU.ActiveCfg = Release|Any CPU
		{994CA602-59BA-4E59-8EE9-1F60215825B4}.Release|Any CPU.Build.0 = Release|Any CPU
	EndGlobalSection
	GlobalSection(SolutionProperties) = preSolution
		HideSolutionNode = FALSE
	EndGlobalSection
	GlobalSection(ExtensibilityGlobals) = postSolution
		SolutionGuid = {D6117077-9E14-4E99-A4DC-73501CAFF8DE}
	EndGlobalSection
EndGlobal
