
Microsoft Visual Studio Solution File, Format Version 12.00
# Visual Studio Version 17
VisualStudioVersion = 17.7.34024.191
MinimumVisualStudioVersion = 10.0.40219.1
Project("{FAE04EC0-301F-11D3-BF4B-00C04F79EFBC}") = "UnitTestFInal_Q5", "UnitTestFInal_Q5.csproj", "{748AB63C-EF47-434A-84A5-7101A8E81EFE}"
EndProject
Global
	GlobalSection(SolutionConfigurationPlatforms) = preSolution
		Debug|Any CPU = Debug|Any CPU
		Release|Any CPU = Release|Any CPU
	EndGlobalSection
	GlobalSection(ProjectConfigurationPlatforms) = postSolution
		{748AB63C-EF47-434A-84A5-7101A8E81EFE}.Debug|Any CPU.ActiveCfg = Debug|Any CPU
		{748AB63C-EF47-434A-84A5-7101A8E81EFE}.Debug|Any CPU.Build.0 = Debug|Any CPU
		{748AB63C-EF47-434A-84A5-7101A8E81EFE}.Release|Any CPU.ActiveCfg = Release|Any CPU
		{748AB63C-EF47-434A-84A5-7101A8E81EFE}.Release|Any CPU.Build.0 = Release|Any CPU
	EndGlobalSection
	GlobalSection(SolutionProperties) = preSolution
		HideSolutionNode = FALSE
	EndGlobalSection
	GlobalSection(ExtensibilityGlobals) = postSolution
		SolutionGuid = {C44A71CB-C052-48C6-A0AB-D7405AB2D26A}
	EndGlobalSection
EndGlobal
