
Microsoft Visual Studio Solution File, Format Version 12.00
# Visual Studio Version 17
VisualStudioVersion = 17.7.34024.191
MinimumVisualStudioVersion = 10.0.40219.1
Project("{FAE04EC0-301F-11D3-BF4B-00C04F79EFBC}") = "JsonHtml", "JsonHtml.csproj", "{CFB9BA60-C2C8-44D7-B23F-1D7D2D7FED9A}"
EndProject
Global
	GlobalSection(SolutionConfigurationPlatforms) = preSolution
		Debug|Any CPU = Debug|Any CPU
		Release|Any CPU = Release|Any CPU
	EndGlobalSection
	GlobalSection(ProjectConfigurationPlatforms) = postSolution
		{CFB9BA60-C2C8-44D7-B23F-1D7D2D7FED9A}.Debug|Any CPU.ActiveCfg = Debug|Any CPU
		{CFB9BA60-C2C8-44D7-B23F-1D7D2D7FED9A}.Debug|Any CPU.Build.0 = Debug|Any CPU
		{CFB9BA60-C2C8-44D7-B23F-1D7D2D7FED9A}.Release|Any CPU.ActiveCfg = Release|Any CPU
		{CFB9BA60-C2C8-44D7-B23F-1D7D2D7FED9A}.Release|Any CPU.Build.0 = Release|Any CPU
	EndGlobalSection
	GlobalSection(SolutionProperties) = preSolution
		HideSolutionNode = FALSE
	EndGlobalSection
	GlobalSection(ExtensibilityGlobals) = postSolution
		SolutionGuid = {59189F77-6FF2-4DAE-9FA9-06EB89483B8E}
	EndGlobalSection
EndGlobal
