
Microsoft Visual Studio Solution File, Format Version 12.00
# Visual Studio Version 17
VisualStudioVersion = 17.7.34024.191
MinimumVisualStudioVersion = 10.0.40219.1
Project("{FAE04EC0-301F-11D3-BF4B-00C04F79EFBC}") = "PE8_Q9", "PE8_Q9.csproj", "{5D932C48-DADD-4E06-814E-EFE448AAF15E}"
EndProject
Global
	GlobalSection(SolutionConfigurationPlatforms) = preSolution
		Debug|Any CPU = Debug|Any CPU
		Release|Any CPU = Release|Any CPU
	EndGlobalSection
	GlobalSection(ProjectConfigurationPlatforms) = postSolution
		{5D932C48-DADD-4E06-814E-EFE448AAF15E}.Debug|Any CPU.ActiveCfg = Debug|Any CPU
		{5D932C48-DADD-4E06-814E-EFE448AAF15E}.Debug|Any CPU.Build.0 = Debug|Any CPU
		{5D932C48-DADD-4E06-814E-EFE448AAF15E}.Release|Any CPU.ActiveCfg = Release|Any CPU
		{5D932C48-DADD-4E06-814E-EFE448AAF15E}.Release|Any CPU.Build.0 = Release|Any CPU
	EndGlobalSection
	GlobalSection(SolutionProperties) = preSolution
		HideSolutionNode = FALSE
	EndGlobalSection
	GlobalSection(ExtensibilityGlobals) = postSolution
		SolutionGuid = {85F26986-4A8B-45C5-AAD9-DA47F2A5238D}
	EndGlobalSection
EndGlobal
