
Microsoft Visual Studio Solution File, Format Version 12.00
# Visual Studio Version 17
VisualStudioVersion = 17.7.34024.191
MinimumVisualStudioVersion = 10.0.40219.1
Project("{FAE04EC0-301F-11D3-BF4B-00C04F79EFBC}") = "UIFromHell", "UIFromHell.csproj", "{38E940E2-2F71-4507-A8AB-0AB1201B1F08}"
EndProject
Global
	GlobalSection(SolutionConfigurationPlatforms) = preSolution
		Debug|Any CPU = Debug|Any CPU
		Release|Any CPU = Release|Any CPU
	EndGlobalSection
	GlobalSection(ProjectConfigurationPlatforms) = postSolution
		{38E940E2-2F71-4507-A8AB-0AB1201B1F08}.Debug|Any CPU.ActiveCfg = Debug|Any CPU
		{38E940E2-2F71-4507-A8AB-0AB1201B1F08}.Debug|Any CPU.Build.0 = Debug|Any CPU
		{38E940E2-2F71-4507-A8AB-0AB1201B1F08}.Release|Any CPU.ActiveCfg = Release|Any CPU
		{38E940E2-2F71-4507-A8AB-0AB1201B1F08}.Release|Any CPU.Build.0 = Release|Any CPU
	EndGlobalSection
	GlobalSection(SolutionProperties) = preSolution
		HideSolutionNode = FALSE
	EndGlobalSection
	GlobalSection(ExtensibilityGlobals) = postSolution
		SolutionGuid = {E30C4447-F82A-462B-A818-0439A3F3F1F9}
	EndGlobalSection
EndGlobal
