
Microsoft Visual Studio Solution File, Format Version 12.00
# Visual Studio Version 17
VisualStudioVersion = 17.7.34024.191
MinimumVisualStudioVersion = 10.0.40219.1
Project("{FAE04EC0-301F-11D3-BF4B-00C04F79EFBC}") = "MyEditor", "MyEditor.csproj", "{DA96C42B-FE41-44FD-879B-EB20B9C19CBA}"
EndProject
Global
	GlobalSection(SolutionConfigurationPlatforms) = preSolution
		Debug|Any CPU = Debug|Any CPU
		Release|Any CPU = Release|Any CPU
	EndGlobalSection
	GlobalSection(ProjectConfigurationPlatforms) = postSolution
		{DA96C42B-FE41-44FD-879B-EB20B9C19CBA}.Debug|Any CPU.ActiveCfg = Debug|Any CPU
		{DA96C42B-FE41-44FD-879B-EB20B9C19CBA}.Debug|Any CPU.Build.0 = Debug|Any CPU
		{DA96C42B-FE41-44FD-879B-EB20B9C19CBA}.Release|Any CPU.ActiveCfg = Release|Any CPU
		{DA96C42B-FE41-44FD-879B-EB20B9C19CBA}.Release|Any CPU.Build.0 = Release|Any CPU
	EndGlobalSection
	GlobalSection(SolutionProperties) = preSolution
		HideSolutionNode = FALSE
	EndGlobalSection
	GlobalSection(ExtensibilityGlobals) = postSolution
		SolutionGuid = {6A5BC367-3B8A-41E5-AF87-26AF7347CDCE}
	EndGlobalSection
EndGlobal
