
Microsoft Visual Studio Solution File, Format Version 12.00
# Visual Studio Version 17
VisualStudioVersion = 17.7.34024.191
MinimumVisualStudioVersion = 10.0.40219.1
Project("{FAE04EC0-301F-11D3-BF4B-00C04F79EFBC}") = "UnitTest1_Q12", "UnitTest1_Q12.csproj", "{08D3206D-0309-499A-BFB1-7D4B0BEE00BA}"
EndProject
Global
	GlobalSection(SolutionConfigurationPlatforms) = preSolution
		Debug|Any CPU = Debug|Any CPU
		Release|Any CPU = Release|Any CPU
	EndGlobalSection
	GlobalSection(ProjectConfigurationPlatforms) = postSolution
		{08D3206D-0309-499A-BFB1-7D4B0BEE00BA}.Debug|Any CPU.ActiveCfg = Debug|Any CPU
		{08D3206D-0309-499A-BFB1-7D4B0BEE00BA}.Debug|Any CPU.Build.0 = Debug|Any CPU
		{08D3206D-0309-499A-BFB1-7D4B0BEE00BA}.Release|Any CPU.ActiveCfg = Release|Any CPU
		{08D3206D-0309-499A-BFB1-7D4B0BEE00BA}.Release|Any CPU.Build.0 = Release|Any CPU
	EndGlobalSection
	GlobalSection(SolutionProperties) = preSolution
		HideSolutionNode = FALSE
	EndGlobalSection
	GlobalSection(ExtensibilityGlobals) = postSolution
		SolutionGuid = {76FDBAEF-428C-4AEE-A134-23ACCAFB445F}
	EndGlobalSection
EndGlobal
