
Microsoft Visual Studio Solution File, Format Version 12.00
# Visual Studio Version 17
VisualStudioVersion = 17.7.34024.191
MinimumVisualStudioVersion = 10.0.40219.1
Project("{FAE04EC0-301F-11D3-BF4B-00C04F79EFBC}") = "UnitTest2_Q12", "UnitTest2_Q12.csproj", "{0B51DE1E-FEB9-4807-94DB-E8ED2F2A0619}"
EndProject
Global
	GlobalSection(SolutionConfigurationPlatforms) = preSolution
		Debug|Any CPU = Debug|Any CPU
		Release|Any CPU = Release|Any CPU
	EndGlobalSection
	GlobalSection(ProjectConfigurationPlatforms) = postSolution
		{0B51DE1E-FEB9-4807-94DB-E8ED2F2A0619}.Debug|Any CPU.ActiveCfg = Debug|Any CPU
		{0B51DE1E-FEB9-4807-94DB-E8ED2F2A0619}.Debug|Any CPU.Build.0 = Debug|Any CPU
		{0B51DE1E-FEB9-4807-94DB-E8ED2F2A0619}.Release|Any CPU.ActiveCfg = Release|Any CPU
		{0B51DE1E-FEB9-4807-94DB-E8ED2F2A0619}.Release|Any CPU.Build.0 = Release|Any CPU
	EndGlobalSection
	GlobalSection(SolutionProperties) = preSolution
		HideSolutionNode = FALSE
	EndGlobalSection
	GlobalSection(ExtensibilityGlobals) = postSolution
		SolutionGuid = {63F59E70-5DD8-42BE-B682-5086A1C90060}
	EndGlobalSection
EndGlobal
